// !$*UTF8*$!
{
	archiveVersion = 1;
	classes = {
	};
	objectVersion = 46;
	objects = {

/* Begin PBXBuildFile section */
		B973D38A1B6AF8FB00963D61 /* UdacityClient.swift in Sources */ = {isa = PBXBuildFile; fileRef = B973D3891B6AF8FB00963D61 /* UdacityClient.swift */; };
		B973D38D1B6C3BA200963D61 /* UdacityConstants.swift in Sources */ = {isa = PBXBuildFile; fileRef = B973D38C1B6C3BA200963D61 /* UdacityConstants.swift */; };
		B973D3901B72E1BC00963D61 /* ParseClient.swift in Sources */ = {isa = PBXBuildFile; fileRef = B973D38F1B72E1BC00963D61 /* ParseClient.swift */; };
		B973D3921B72E22C00963D61 /* ParseConstants.swift in Sources */ = {isa = PBXBuildFile; fileRef = B973D3911B72E22C00963D61 /* ParseConstants.swift */; };
		B973D3961B74165D00963D61 /* TableViewController.swift in Sources */ = {isa = PBXBuildFile; fileRef = B973D3951B74165D00963D61 /* TableViewController.swift */; };
		B973D3981B743E3000963D61 /* StudentInformation.swift in Sources */ = {isa = PBXBuildFile; fileRef = B973D3971B743E3000963D61 /* StudentInformation.swift */; };
		B973D39A1B75881600963D61 /* MapViewController.swift in Sources */ = {isa = PBXBuildFile; fileRef = B973D3991B75881600963D61 /* MapViewController.swift */; };
		B973D39C1B796D7800963D61 /* ControllerHelper.swift in Sources */ = {isa = PBXBuildFile; fileRef = B973D39B1B796D7800963D61 /* ControllerHelper.swift */; };
		B973D3A01B7ACDEF00963D61 /* ClientsHelper.swift in Sources */ = {isa = PBXBuildFile; fileRef = B973D39F1B7ACDEF00963D61 /* ClientsHelper.swift */; };
		B973D3A21B7C0F2A00963D61 /* AddPinViewController.swift in Sources */ = {isa = PBXBuildFile; fileRef = B973D3A11B7C0F2A00963D61 /* AddPinViewController.swift */; };
		B9B9A1831B4E07420054A73A /* BorderedButton.swift in Sources */ = {isa = PBXBuildFile; fileRef = B9B9A1821B4E07420054A73A /* BorderedButton.swift */; };
		B9F9C45B1B4DEFD100B5FE0F /* AppDelegate.swift in Sources */ = {isa = PBXBuildFile; fileRef = B9F9C45A1B4DEFD100B5FE0F /* AppDelegate.swift */; };
		B9F9C4601B4DEFD100B5FE0F /* Main.storyboard in Resources */ = {isa = PBXBuildFile; fileRef = B9F9C45E1B4DEFD100B5FE0F /* Main.storyboard */; };
		B9F9C4621B4DEFD100B5FE0F /* Images.xcassets in Resources */ = {isa = PBXBuildFile; fileRef = B9F9C4611B4DEFD100B5FE0F /* Images.xcassets */; };
		B9F9C4651B4DEFD100B5FE0F /* LaunchScreen.xib in Resources */ = {isa = PBXBuildFile; fileRef = B9F9C4631B4DEFD100B5FE0F /* LaunchScreen.xib */; };
		B9F9C4711B4DEFD100B5FE0F /* OnTheMapTests.swift in Sources */ = {isa = PBXBuildFile; fileRef = B9F9C4701B4DEFD100B5FE0F /* OnTheMapTests.swift */; };
		B9F9C47D1B4E055500B5FE0F /* LoginViewController.swift in Sources */ = {isa = PBXBuildFile; fileRef = B9F9C47C1B4E055500B5FE0F /* LoginViewController.swift */; };
/* End PBXBuildFile section */

/* Begin PBXContainerItemProxy section */
		B9F9C46B1B4DEFD100B5FE0F /* PBXContainerItemProxy */ = {
			isa = PBXContainerItemProxy;
			containerPortal = B9F9C44D1B4DEFD100B5FE0F /* Project object */;
			proxyType = 1;
			remoteGlobalIDString = B9F9C4541B4DEFD100B5FE0F;
			remoteInfo = OnTheMap;
		};
/* End PBXContainerItemProxy section */

/* Begin PBXFileReference section */
		B973D3891B6AF8FB00963D61 /* UdacityClient.swift */ = {isa = PBXFileReference; fileEncoding = 4; lastKnownFileType = sourcecode.swift; path = UdacityClient.swift; sourceTree = "<group>"; };
		B973D38C1B6C3BA200963D61 /* UdacityConstants.swift */ = {isa = PBXFileReference; fileEncoding = 4; lastKnownFileType = sourcecode.swift; path = UdacityConstants.swift; sourceTree = "<group>"; };
		B973D38F1B72E1BC00963D61 /* ParseClient.swift */ = {isa = PBXFileReference; fileEncoding = 4; lastKnownFileType = sourcecode.swift; path = ParseClient.swift; sourceTree = "<group>"; };
		B973D3911B72E22C00963D61 /* ParseConstants.swift */ = {isa = PBXFileReference; fileEncoding = 4; lastKnownFileType = sourcecode.swift; path = ParseConstants.swift; sourceTree = "<group>"; };
		B973D3951B74165D00963D61 /* TableViewController.swift */ = {isa = PBXFileReference; fileEncoding = 4; lastKnownFileType = sourcecode.swift; path = TableViewController.swift; sourceTree = "<group>"; };
		B973D3971B743E3000963D61 /* StudentInformation.swift */ = {isa = PBXFileReference; fileEncoding = 4; lastKnownFileType = sourcecode.swift; path = StudentInformation.swift; sourceTree = "<group>"; };
		B973D3991B75881600963D61 /* MapViewController.swift */ = {isa = PBXFileReference; fileEncoding = 4; lastKnownFileType = sourcecode.swift; path = MapViewController.swift; sourceTree = "<group>"; };
		B973D39B1B796D7800963D61 /* ControllerHelper.swift */ = {isa = PBXFileReference; fileEncoding = 4; lastKnownFileType = sourcecode.swift; path = ControllerHelper.swift; sourceTree = "<group>"; };
		B973D39F1B7ACDEF00963D61 /* ClientsHelper.swift */ = {isa = PBXFileReference; fileEncoding = 4; lastKnownFileType = sourcecode.swift; path = ClientsHelper.swift; sourceTree = "<group>"; };
		B973D3A11B7C0F2A00963D61 /* AddPinViewController.swift */ = {isa = PBXFileReference; fileEncoding = 4; lastKnownFileType = sourcecode.swift; path = AddPinViewController.swift; sourceTree = "<group>"; };
		B9B9A1821B4E07420054A73A /* BorderedButton.swift */ = {isa = PBXFileReference; fileEncoding = 4; lastKnownFileType = sourcecode.swift; path = BorderedButton.swift; sourceTree = "<group>"; };
		B9F9C4551B4DEFD100B5FE0F /* OnTheMap.app */ = {isa = PBXFileReference; explicitFileType = wrapper.application; includeInIndex = 0; path = OnTheMap.app; sourceTree = BUILT_PRODUCTS_DIR; };
		B9F9C4591B4DEFD100B5FE0F /* Info.plist */ = {isa = PBXFileReference; lastKnownFileType = text.plist.xml; path = Info.plist; sourceTree = "<group>"; };
		B9F9C45A1B4DEFD100B5FE0F /* AppDelegate.swift */ = {isa = PBXFileReference; lastKnownFileType = sourcecode.swift; path = AppDelegate.swift; sourceTree = "<group>"; };
		B9F9C45F1B4DEFD100B5FE0F /* Base */ = {isa = PBXFileReference; lastKnownFileType = file.storyboard; name = Base; path = Base.lproj/Main.storyboard; sourceTree = "<group>"; };
		B9F9C4611B4DEFD100B5FE0F /* Images.xcassets */ = {isa = PBXFileReference; lastKnownFileType = folder.assetcatalog; path = Images.xcassets; sourceTree = "<group>"; };
		B9F9C4641B4DEFD100B5FE0F /* Base */ = {isa = PBXFileReference; lastKnownFileType = file.xib; name = Base; path = Base.lproj/LaunchScreen.xib; sourceTree = "<group>"; };
		B9F9C46A1B4DEFD100B5FE0F /* OnTheMapTests.xctest */ = {isa = PBXFileReference; explicitFileType = wrapper.cfbundle; includeInIndex = 0; path = OnTheMapTests.xctest; sourceTree = BUILT_PRODUCTS_DIR; };
		B9F9C46F1B4DEFD100B5FE0F /* Info.plist */ = {isa = PBXFileReference; lastKnownFileType = text.plist.xml; path = Info.plist; sourceTree = "<group>"; };
		B9F9C4701B4DEFD100B5FE0F /* OnTheMapTests.swift */ = {isa = PBXFileReference; lastKnownFileType = sourcecode.swift; path = OnTheMapTests.swift; sourceTree = "<group>"; };
		B9F9C47C1B4E055500B5FE0F /* LoginViewController.swift */ = {isa = PBXFileReference; fileEncoding = 4; lastKnownFileType = sourcecode.swift; path = LoginViewController.swift; sourceTree = "<group>"; };
/* End PBXFileReference section */

/* Begin PBXFrameworksBuildPhase section */
		B9F9C4521B4DEFD100B5FE0F /* Frameworks */ = {
			isa = PBXFrameworksBuildPhase;
			buildActionMask = 2147483647;
			files = (
			);
			runOnlyForDeploymentPostprocessing = 0;
		};
		B9F9C4671B4DEFD100B5FE0F /* Frameworks */ = {
			isa = PBXFrameworksBuildPhase;
			buildActionMask = 2147483647;
			files = (
			);
			runOnlyForDeploymentPostprocessing = 0;
		};
/* End PBXFrameworksBuildPhase section */

/* Begin PBXGroup section */
		B973D3871B6AF71400963D61 /* Model */ = {
			isa = PBXGroup;
			children = (
				B973D3881B6AF8C100963D61 /* Clients */,
			);
			name = Model;
			sourceTree = "<group>";
		};
		B973D3881B6AF8C100963D61 /* Clients */ = {
			isa = PBXGroup;
			children = (
				B973D39F1B7ACDEF00963D61 /* ClientsHelper.swift */,
				B973D38E1B72E19300963D61 /* Parse */,
				B973D38B1B6AFB8100963D61 /* Udacity */,
			);
			name = Clients;
			sourceTree = "<group>";
		};
		B973D38B1B6AFB8100963D61 /* Udacity */ = {
			isa = PBXGroup;
			children = (
				B973D3891B6AF8FB00963D61 /* UdacityClient.swift */,
				B973D38C1B6C3BA200963D61 /* UdacityConstants.swift */,
			);
			name = Udacity;
			sourceTree = "<group>";
		};
		B973D38E1B72E19300963D61 /* Parse */ = {
			isa = PBXGroup;
			children = (
				B973D38F1B72E1BC00963D61 /* ParseClient.swift */,
				B973D3911B72E22C00963D61 /* ParseConstants.swift */,
				B973D3971B743E3000963D61 /* StudentInformation.swift */,
			);
			name = Parse;
			sourceTree = "<group>";
		};
		B9F9C44C1B4DEFD100B5FE0F = {
			isa = PBXGroup;
			children = (
				B9F9C4571B4DEFD100B5FE0F /* OnTheMap */,
				B9F9C46D1B4DEFD100B5FE0F /* OnTheMapTests */,
				B9F9C4561B4DEFD100B5FE0F /* Products */,
			);
			sourceTree = "<group>";
		};
		B9F9C4561B4DEFD100B5FE0F /* Products */ = {
			isa = PBXGroup;
			children = (
				B9F9C4551B4DEFD100B5FE0F /* OnTheMap.app */,
				B9F9C46A1B4DEFD100B5FE0F /* OnTheMapTests.xctest */,
			);
			name = Products;
			sourceTree = "<group>";
		};
		B9F9C4571B4DEFD100B5FE0F /* OnTheMap */ = {
			isa = PBXGroup;
			children = (
				B973D3871B6AF71400963D61 /* Model */,
				B9F9C45A1B4DEFD100B5FE0F /* AppDelegate.swift */,
				B9F9C47A1B4DF05000B5FE0F /* Controller */,
				B9F9C4581B4DEFD100B5FE0F /* Supporting Files */,
			);
			path = OnTheMap;
			sourceTree = "<group>";
		};
		B9F9C4581B4DEFD100B5FE0F /* Supporting Files */ = {
			isa = PBXGroup;
			children = (
				B9F9C4611B4DEFD100B5FE0F /* Images.xcassets */,
				B9F9C47B1B4DF0A300B5FE0F /* Storyboard */,
				B9F9C4591B4DEFD100B5FE0F /* Info.plist */,
			);
			name = "Supporting Files";
			sourceTree = "<group>";
		};
		B9F9C46D1B4DEFD100B5FE0F /* OnTheMapTests */ = {
			isa = PBXGroup;
			children = (
				B9F9C4701B4DEFD100B5FE0F /* OnTheMapTests.swift */,
				B9F9C46E1B4DEFD100B5FE0F /* Supporting Files */,
			);
			path = OnTheMapTests;
			sourceTree = "<group>";
		};
		B9F9C46E1B4DEFD100B5FE0F /* Supporting Files */ = {
			isa = PBXGroup;
			children = (
				B9F9C46F1B4DEFD100B5FE0F /* Info.plist */,
			);
			name = "Supporting Files";
			sourceTree = "<group>";
		};
		B9F9C47A1B4DF05000B5FE0F /* Controller */ = {
			isa = PBXGroup;
			children = (
				B9B9A1821B4E07420054A73A /* BorderedButton.swift */,
				B9F9C47C1B4E055500B5FE0F /* LoginViewController.swift */,
				B973D3951B74165D00963D61 /* TableViewController.swift */,
				B973D3991B75881600963D61 /* MapViewController.swift */,
				B973D39B1B796D7800963D61 /* ControllerHelper.swift */,
				B973D3A11B7C0F2A00963D61 /* AddPinViewController.swift */,
			);
			name = Controller;
			sourceTree = "<group>";
		};
		B9F9C47B1B4DF0A300B5FE0F /* Storyboard */ = {
			isa = PBXGroup;
			children = (
				B9F9C45E1B4DEFD100B5FE0F /* Main.storyboard */,
				B9F9C4631B4DEFD100B5FE0F /* LaunchScreen.xib */,
			);
			name = Storyboard;
			sourceTree = "<group>";
		};
/* End PBXGroup section */

/* Begin PBXNativeTarget section */
		B9F9C4541B4DEFD100B5FE0F /* OnTheMap */ = {
			isa = PBXNativeTarget;
			buildConfigurationList = B9F9C4741B4DEFD100B5FE0F /* Build configuration list for PBXNativeTarget "OnTheMap" */;
			buildPhases = (
				B9F9C4511B4DEFD100B5FE0F /* Sources */,
				B9F9C4521B4DEFD100B5FE0F /* Frameworks */,
				B9F9C4531B4DEFD100B5FE0F /* Resources */,
			);
			buildRules = (
			);
			dependencies = (
			);
			name = OnTheMap;
			productName = OnTheMap;
			productReference = B9F9C4551B4DEFD100B5FE0F /* OnTheMap.app */;
			productType = "com.apple.product-type.application";
		};
		B9F9C4691B4DEFD100B5FE0F /* OnTheMapTests */ = {
			isa = PBXNativeTarget;
			buildConfigurationList = B9F9C4771B4DEFD100B5FE0F /* Build configuration list for PBXNativeTarget "OnTheMapTests" */;
			buildPhases = (
				B9F9C4661B4DEFD100B5FE0F /* Sources */,
				B9F9C4671B4DEFD100B5FE0F /* Frameworks */,
				B9F9C4681B4DEFD100B5FE0F /* Resources */,
			);
			buildRules = (
			);
			dependencies = (
				B9F9C46C1B4DEFD100B5FE0F /* PBXTargetDependency */,
			);
			name = OnTheMapTests;
			productName = OnTheMapTests;
			productReference = B9F9C46A1B4DEFD100B5FE0F /* OnTheMapTests.xctest */;
			productType = "com.apple.product-type.bundle.unit-test";
		};
/* End PBXNativeTarget section */

/* Begin PBXProject section */
		B9F9C44D1B4DEFD100B5FE0F /* Project object */ = {
			isa = PBXProject;
			attributes = {
				LastUpgradeCheck = 0640;
				ORGANIZATIONNAME = "George McMullen";
				TargetAttributes = {
					B9F9C4541B4DEFD100B5FE0F = {
						CreatedOnToolsVersion = 6.4;
					};
					B9F9C4691B4DEFD100B5FE0F = {
						CreatedOnToolsVersion = 6.4;
						TestTargetID = B9F9C4541B4DEFD100B5FE0F;
					};
				};
			};
			buildConfigurationList = B9F9C4501B4DEFD100B5FE0F /* Build configuration list for PBXProject "OnTheMap" */;
			compatibilityVersion = "Xcode 3.2";
			developmentRegion = English;
			hasScannedForEncodings = 0;
			knownRegions = (
				en,
				Base,
			);
			mainGroup = B9F9C44C1B4DEFD100B5FE0F;
			productRefGroup = B9F9C4561B4DEFD100B5FE0F /* Products */;
			projectDirPath = "";
			projectRoot = "";
			targets = (
				B9F9C4541B4DEFD100B5FE0F /* OnTheMap */,
				B9F9C4691B4DEFD100B5FE0F /* OnTheMapTests */,
			);
		};
/* End PBXProject section */

/* Begin PBXResourcesBuildPhase section */
		B9F9C4531B4DEFD100B5FE0F /* Resources */ = {
			isa = PBXResourcesBuildPhase;
			buildActionMask = 2147483647;
			files = (
				B9F9C4601B4DEFD100B5FE0F /* Main.storyboard in Resources */,
				B9F9C4651B4DEFD100B5FE0F /* LaunchScreen.xib in Resources */,
				B9F9C4621B4DEFD100B5FE0F /* Images.xcassets in Resources */,
			);
			runOnlyForDeploymentPostprocessing = 0;
		};
		B9F9C4681B4DEFD100B5FE0F /* Resources */ = {
			isa = PBXResourcesBuildPhase;
			buildActionMask = 2147483647;
			files = (
			);
			runOnlyForDeploymentPostprocessing = 0;
		};
/* End PBXResourcesBuildPhase section */

/* Begin PBXSourcesBuildPhase section */
		B9F9C4511B4DEFD100B5FE0F /* Sources */ = {
			isa = PBXSourcesBuildPhase;
			buildActionMask = 2147483647;
			files = (
				B9F9C47D1B4E055500B5FE0F /* LoginViewController.swift in Sources */,
				B973D3A21B7C0F2A00963D61 /* AddPinViewController.swift in Sources */,
				B973D3A01B7ACDEF00963D61 /* ClientsHelper.swift in Sources */,
				B973D3901B72E1BC00963D61 /* ParseClient.swift in Sources */,
				B973D3961B74165D00963D61 /* TableViewController.swift in Sources */,
				B9B9A1831B4E07420054A73A /* BorderedButton.swift in Sources */,
				B9F9C45B1B4DEFD100B5FE0F /* AppDelegate.swift in Sources */,
				B973D38A1B6AF8FB00963D61 /* UdacityClient.swift in Sources */,
				B973D39A1B75881600963D61 /* MapViewController.swift in Sources */,
				B973D38D1B6C3BA200963D61 /* UdacityConstants.swift in Sources */,
				B973D3921B72E22C00963D61 /* ParseConstants.swift in Sources */,
				B973D39C1B796D7800963D61 /* ControllerHelper.swift in Sources */,
				B973D3981B743E3000963D61 /* StudentInformation.swift in Sources */,
			);
			runOnlyForDeploymentPostprocessing = 0;
		};
		B9F9C4661B4DEFD100B5FE0F /* Sources */ = {
			isa = PBXSourcesBuildPhase;
			buildActionMask = 2147483647;
			files = (
				B9F9C4711B4DEFD100B5FE0F /* OnTheMapTests.swift in Sources */,
			);
			runOnlyForDeploymentPostprocessing = 0;
		};
/* End PBXSourcesBuildPhase section */

/* Begin PBXTargetDependency section */
		B9F9C46C1B4DEFD100B5FE0F /* PBXTargetDependency */ = {
			isa = PBXTargetDependency;
			target = B9F9C4541B4DEFD100B5FE0F /* OnTheMap */;
			targetProxy = B9F9C46B1B4DEFD100B5FE0F /* PBXContainerItemProxy */;
		};
/* End PBXTargetDependency section */

/* Begin PBXVariantGroup section */
		B9F9C45E1B4DEFD100B5FE0F /* Main.storyboard */ = {
			isa = PBXVariantGroup;
			children = (
				B9F9C45F1B4DEFD100B5FE0F /* Base */,
			);
			name = Main.storyboard;
			sourceTree = "<group>";
		};
		B9F9C4631B4DEFD100B5FE0F /* LaunchScreen.xib */ = {
			isa = PBXVariantGroup;
			children = (
				B9F9C4641B4DEFD100B5FE0F /* Base */,
			);
			name = LaunchScreen.xib;
			sourceTree = "<group>";
		};
/* End PBXVariantGroup section */

/* Begin XCBuildConfiguration section */
		B9F9C4721B4DEFD100B5FE0F /* Debug */ = {
			isa = XCBuildConfiguration;
			buildSettings = {
				ALWAYS_SEARCH_USER_PATHS = NO;
				CLANG_CXX_LANGUAGE_STANDARD = "gnu++0x";
				CLANG_CXX_LIBRARY = "libc++";
				CLANG_ENABLE_MODULES = YES;
				CLANG_ENABLE_OBJC_ARC = YES;
				CLANG_WARN_BOOL_CONVERSION = YES;
				CLANG_WARN_CONSTANT_CONVERSION = YES;
				CLANG_WARN_DIRECT_OBJC_ISA_USAGE = YES_ERROR;
				CLANG_WARN_EMPTY_BODY = YES;
				CLANG_WARN_ENUM_CONVERSION = YES;
				CLANG_WARN_INT_CONVERSION = YES;
				CLANG_WARN_OBJC_ROOT_CLASS = YES_ERROR;
				CLANG_WARN_UNREACHABLE_CODE = YES;
				CLANG_WARN__DUPLICATE_METHOD_MATCH = YES;
				"CODE_SIGN_IDENTITY[sdk=iphoneos*]" = "iPhone Developer";
				COPY_PHASE_STRIP = NO;
				DEBUG_INFORMATION_FORMAT = "dwarf-with-dsym";
				ENABLE_STRICT_OBJC_MSGSEND = YES;
				GCC_C_LANGUAGE_STANDARD = gnu99;
				GCC_DYNAMIC_NO_PIC = NO;
				GCC_NO_COMMON_BLOCKS = YES;
				GCC_OPTIMIZATION_LEVEL = 0;
				GCC_PREPROCESSOR_DEFINITIONS = (
					"DEBUG=1",
					"$(inherited)",
				);
				GCC_SYMBOLS_PRIVATE_EXTERN = NO;
				GCC_WARN_64_TO_32_BIT_CONVERSION = YES;
				GCC_WARN_ABOUT_RETURN_TYPE = YES_ERROR;
				GCC_WARN_UNDECLARED_SELECTOR = YES;
				GCC_WARN_UNINITIALIZED_AUTOS = YES_AGGRESSIVE;
				GCC_WARN_UNUSED_FUNCTION = YES;
				GCC_WARN_UNUSED_VARIABLE = YES;
				IPHONEOS_DEPLOYMENT_TARGET = 8.4;
				MTL_ENABLE_DEBUG_INFO = YES;
				ONLY_ACTIVE_ARCH = YES;
				SDKROOT = iphoneos;
				SWIFT_OPTIMIZATION_LEVEL = "-Onone";
				TARGETED_DEVICE_FAMILY = "1,2";
			};
			name = Debug;
		};
		B9F9C4731B4DEFD100B5FE0F /* Release */ = {
			isa = XCBuildConfiguration;
			buildSettings = {
				ALWAYS_SEARCH_USER_PATHS = NO;
				CLANG_CXX_LANGUAGE_STANDARD = "gnu++0x";
				CLANG_CXX_LIBRARY = "libc++";
				CLANG_ENABLE_MODULES = YES;
				CLANG_ENABLE_OBJC_ARC = YES;
				CLANG_WARN_BOOL_CONVERSION = YES;
				CLANG_WARN_CONSTANT_CONVERSION = YES;
				CLANG_WARN_DIRECT_OBJC_ISA_USAGE = YES_ERROR;
				CLANG_WARN_EMPTY_BODY = YES;
				CLANG_WARN_ENUM_CONVERSION = YES;
				CLANG_WARN_INT_CONVERSION = YES;
				CLANG_WARN_OBJC_ROOT_CLASS = YES_ERROR;
				CLANG_WARN_UNREACHABLE_CODE = YES;
				CLANG_WARN__DUPLICATE_METHOD_MATCH = YES;
				"CODE_SIGN_IDENTITY[sdk=iphoneos*]" = "iPhone Developer";
				COPY_PHASE_STRIP = NO;
				DEBUG_INFORMATION_FORMAT = "dwarf-with-dsym";
				ENABLE_NS_ASSERTIONS = NO;
				ENABLE_STRICT_OBJC_MSGSEND = YES;
				GCC_C_LANGUAGE_STANDARD = gnu99;
				GCC_NO_COMMON_BLOCKS = YES;
				GCC_WARN_64_TO_32_BIT_CONVERSION = YES;
				GCC_WARN_ABOUT_RETURN_TYPE = YES_ERROR;
				GCC_WARN_UNDECLARED_SELECTOR = YES;
				GCC_WARN_UNINITIALIZED_AUTOS = YES_AGGRESSIVE;
				GCC_WARN_UNUSED_FUNCTION = YES;
				GCC_WARN_UNUSED_VARIABLE = YES;
				IPHONEOS_DEPLOYMENT_TARGET = 8.4;
				MTL_ENABLE_DEBUG_INFO = NO;
				SDKROOT = iphoneos;
				TARGETED_DEVICE_FAMILY = "1,2";
				VALIDATE_PRODUCT = YES;
			};
			name = Release;
		};
		B9F9C4751B4DEFD100B5FE0F /* Debug */ = {
			isa = XCBuildConfiguration;
			buildSettings = {
				ASSETCATALOG_COMPILER_APPICON_NAME = AppIcon;
				INFOPLIST_FILE = OnTheMap/Info.plist;
				LD_RUNPATH_SEARCH_PATHS = "$(inherited) @executable_path/Frameworks";
				PRODUCT_NAME = "$(TARGET_NAME)";
			};
			name = Debug;
		};
		B9F9C4761B4DEFD100B5FE0F /* Release */ = {
			isa = XCBuildConfiguration;
			buildSettings = {
				ASSETCATALOG_COMPILER_APPICON_NAME = AppIcon;
				INFOPLIST_FILE = OnTheMap/Info.plist;
				LD_RUNPATH_SEARCH_PATHS = "$(inherited) @executable_path/Frameworks";
				PRODUCT_NAME = "$(TARGET_NAME)";
			};
			name = Release;
		};
		B9F9C4781B4DEFD100B5FE0F /* Debug */ = {
			isa = XCBuildConfiguration;
			buildSettings = {
				BUNDLE_LOADER = "$(TEST_HOST)";
				FRAMEWORK_SEARCH_PATHS = (
					"$(SDKROOT)/Developer/Library/Frameworks",
					"$(inherited)",
				);
				GCC_PREPROCESSOR_DEFINITIONS = (
					"DEBUG=1",
					"$(inherited)",
				);
				INFOPLIST_FILE = OnTheMapTests/Info.plist;
				LD_RUNPATH_SEARCH_PATHS = "$(inherited) @executable_path/Frameworks @loader_path/Frameworks";
				PRODUCT_NAME = "$(TARGET_NAME)";
				TEST_HOST = "$(BUILT_PRODUCTS_DIR)/OnTheMap.app/OnTheMap";
			};
			name = Debug;
		};
		B9F9C4791B4DEFD100B5FE0F /* Release */ = {
			isa = XCBuildConfiguration;
			buildSettings = {
				BUNDLE_LOADER = "$(TEST_HOST)";
				FRAMEWORK_SEARCH_PATHS = (
					"$(SDKROOT)/Developer/Library/Frameworks",
					"$(inherited)",
				);
				INFOPLIST_FILE = OnTheMapTests/Info.plist;
				LD_RUNPATH_SEARCH_PATHS = "$(inherited) @executable_path/Frameworks @loader_path/Frameworks";
				PRODUCT_NAME = "$(TARGET_NAME)";
				TEST_HOST = "$(BUILT_PRODUCTS_DIR)/OnTheMap.app/OnTheMap";
			};
			name = Release;
		};
/* End XCBuildConfiguration section */

/* Begin XCConfigurationList section */
		B9F9C4501B4DEFD100B5FE0F /* Build configuration list for PBXProject "OnTheMap" */ = {
			isa = XCConfigurationList;
			buildConfigurations = (
				B9F9C4721B4DEFD100B5FE0F /* Debug */,
				B9F9C4731B4DEFD100B5FE0F /* Release */,
			);
			defaultConfigurationIsVisible = 0;
			defaultConfigurationName = Release;
		};
		B9F9C4741B4DEFD100B5FE0F /* Build configuration list for PBXNativeTarget "OnTheMap" */ = {
			isa = XCConfigurationList;
			buildConfigurations = (
				B9F9C4751B4DEFD100B5FE0F /* Debug */,
				B9F9C4761B4DEFD100B5FE0F /* Release */,
			);
			defaultConfigurationIsVisible = 0;
			defaultConfigurationName = Release;
		};
		B9F9C4771B4DEFD100B5FE0F /* Build configuration list for PBXNativeTarget "OnTheMapTests" */ = {
			isa = XCConfigurationList;
			buildConfigurations = (
				B9F9C4781B4DEFD100B5FE0F /* Debug */,
				B9F9C4791B4DEFD100B5FE0F /* Release */,
			);
			defaultConfigurationIsVisible = 0;
			defaultConfigurationName = Release;
		};
/* End XCConfigurationList section */
	};
	rootObject = B9F9C44D1B4DEFD100B5FE0F /* Project object */;
}
